// !$*UTF8*$!
{
	archiveVersion = 1;
	classes = {
	};
	objectVersion = 77;
	objects = {

/* Begin PBXContainerItemProxy section */
		F544483F3006930700655B90 /* PBXContainerItemProxy */ = {
			isa = PBXContainerItemProxy;
			containerPortal = F54448283006930500655B90 /* Project object */;
			proxyType = 1;
			remoteGlobalIDString = F544482F3006930500655B90;
			remoteInfo = "Airpods Movie Spatializer";
		};
		F54448493006930700655B90 /* PBXContainerItemProxy */ = {
			isa = PBXContainerItemProxy;
			containerPortal = F54448283006930500655B90 /* Project object */;
			proxyType = 1;
			remoteGlobalIDString = F544482F3006930500655B90;
			remoteInfo = "Airpods Movie Spatializer";
		};
/* End PBXContainerItemProxy section */

/* Begin PBXFileReference section */
		F54448303006930500655B90 /* Airpods Movie Spatializer.app */ = {isa = PBXFileReference; explicitFileType = wrapper.application; includeInIndex = 0; path = "Airpods Movie Spatializer.app"; sourceTree = BUILT_PRODUCTS_DIR; };
		F544483E3006930700655B90 /* Airpods Movie SpatializerTests.xctest */ = {isa = PBXFileReference; explicitFileType = wrapper.cfbundle; includeInIndex = 0; path = "Airpods Movie SpatializerTests.xctest"; sourceTree = BUILT_PRODUCTS_DIR; };
		F54448483006930700655B90 /* Airpods Movie SpatializerUITests.xctest */ = {isa = PBXFileReference; explicitFileType = wrapper.cfbundle; includeInIndex = 0; path = "Airpods Movie SpatializerUITests.xctest"; sourceTree = BUILT_PRODUCTS_DIR; };
/* End PBXFileReference section */

/* Begin PBXFileSystemSynchronizedRootGroup section */
		F54448323006930500655B90 /* Airpods Movie Spatializer */ = {
			isa = PBXFileSystemSynchronizedRootGroup;
			path = "Airpods Movie Spatializer";
			sourceTree = "<group>";
		};
		F54448413006930700655B90 /* Airpods Movie SpatializerTests */ = {
			isa = PBXFileSystemSynchronizedRootGroup;
			path = "Airpods Movie SpatializerTests";
			sourceTree = "<group>";
		};
		F544484B3006930700655B90 /* Airpods Movie SpatializerUITests */ = {
			isa = PBXFileSystemSynchronizedRootGroup;
			path = "Airpods Movie SpatializerUITests";
			sourceTree = "<group>";
		};
/* End PBXFileSystemSynchronizedRootGroup section */

/* Begin PBXFrameworksBuildPhase section */
		F544482D3006930500655B90 /* Frameworks */ = {
			isa = PBXFrameworksBuildPhase;
			buildActionMask = 2147483647;
			files = (
			);
			runOnlyForDeploymentPostprocessing = 0;
		};
		F544483B3006930700655B90 /* Frameworks */ = {
			isa = PBXFrameworksBuildPhase;
			buildActionMask = 2147483647;
			files = (
			);
			runOnlyForDeploymentPostprocessing = 0;
		};
		F54448453006930700655B90 /* Frameworks */ = {
			isa = PBXFrameworksBuildPhase;
			buildActionMask = 2147483647;
			files = (
			);
			runOnlyForDeploymentPostprocessing = 0;
		};
/* End PBXFrameworksBuildPhase section */

/* Begin PBXGroup section */
		F54448273006930500655B90 = {
			isa = PBXGroup;
			children = (
				F54448323006930500655B90 /* Airpods Movie Spatializer */,
				F54448413006930700655B90 /* Airpods Movie SpatializerTests */,
				F544484B3006930700655B90 /* Airpods Movie SpatializerUITests */,
				F54448313006930500655B90 /* Products */,
			);
			sourceTree = "<group>";
		};
		F54448313006930500655B90 /* Products */ = {
			isa = PBXGroup;
			children = (
				F54448303006930500655B90 /* Airpods Movie Spatializer.app */,
				F544483E3006930700655B90 /* Airpods Movie SpatializerTests.xctest */,
				F54448483006930700655B90 /* Airpods Movie SpatializerUITests.xctest */,
			);
			name = Products;
			sourceTree = "<group>";
		};
/* End PBXGroup section */

/* Begin PBXNativeTarget section */
		F544482F3006930500655B90 /* Airpods Movie Spatializer */ = {
			isa = PBXNativeTarget;
			buildConfigurationList = F54448523006930700655B90 /* Build configuration list for PBXNativeTarget "Airpods Movie Spatializer" */;
			buildPhases = (
				F544482C3006930500655B90 /* Sources */,
				F544482D3006930500655B90 /* Frameworks */,
				F544482E3006930500655B90 /* Resources */,
			);
			buildRules = (
			);
			dependencies = (
			);
			fileSystemSynchronizedGroups = (
				F54448323006930500655B90 /* Airpods Movie Spatializer */,
			);
			name = "Airpods Movie Spatializer";
			packageProductDependencies = (
			);
			productName = "Airpods Movie Spatializer";
			productReference = F54448303006930500655B90 /* Airpods Movie Spatializer.app */;
			productType = "com.apple.product-type.application";
		};
		F544483D3006930700655B90 /* Airpods Movie SpatializerTests */ = {
			isa = PBXNativeTarget;
			buildConfigurationList = F54448553006930700655B90 /* Build configuration list for PBXNativeTarget "Airpods Movie SpatializerTests" */;
			buildPhases = (
				F544483A3006930700655B90 /* Sources */,
				F544483B3006930700655B90 /* Frameworks */,
				F544483C3006930700655B90 /* Resources */,
			);
			buildRules = (
			);
			dependencies = (
				F54448403006930700655B90 /* PBXTargetDependency */,
			);
			fileSystemSynchronizedGroups = (
				F54448413006930700655B90 /* Airpods Movie SpatializerTests */,
			);
			name = "Airpods Movie SpatializerTests";
			packageProductDependencies = (
			);
			productName = "Airpods Movie SpatializerTests";
			productReference = F544483E3006930700655B90 /* Airpods Movie SpatializerTests.xctest */;
			productType = "com.apple.product-type.bundle.unit-test";
		};
		F54448473006930700655B90 /* Airpods Movie SpatializerUITests */ = {
			isa = PBXNativeTarget;
			buildConfigurationList = F54448583006930700655B90 /* Build configuration list for PBXNativeTarget "Airpods Movie SpatializerUITests" */;
			buildPhases = (
				F54448443006930700655B90 /* Sources */,
				F54448453006930700655B90 /* Frameworks */,
				F54448463006930700655B90 /* Resources */,
			);
			buildRules = (
			);
			dependencies = (
				F544484A3006930700655B90 /* PBXTargetDependency */,
			);
			fileSystemSynchronizedGroups = (
				F544484B3006930700655B90 /* Airpods Movie SpatializerUITests */,
			);
			name = "Airpods Movie SpatializerUITests";
			packageProductDependencies = (
			);
			productName = "Airpods Movie SpatializerUITests";
			productReference = F54448483006930700655B90 /* Airpods Movie SpatializerUITests.xctest */;
			productType = "com.apple.product-type.bundle.ui-testing";
		};
/* End PBXNativeTarget section */

/* Begin PBXProject section */
		F54448283006930500655B90 /* Project object */ = {
			isa = PBXProject;
			attributes = {
				BuildIndependentTargetsInParallel = 1;
				LastSwiftUpdateCheck = 1640;
				LastUpgradeCheck = 1640;
				TargetAttributes = {
					F544482F3006930500655B90 = {
						CreatedOnToolsVersion = 16.4;
					};
					F544483D3006930700655B90 = {
						CreatedOnToolsVersion = 16.4;
						TestTargetID = F544482F3006930500655B90;
					};
					F54448473006930700655B90 = {
						CreatedOnToolsVersion = 16.4;
						TestTargetID = F544482F3006930500655B90;
					};
				};
			};
			buildConfigurationList = F544482B3006930500655B90 /* Build configuration list for PBXProject "Airpods Movie Spatializer" */;
			developmentRegion = en;
			hasScannedForEncodings = 0;
			knownRegions = (
				en,
				Base,
			);
			mainGroup = F54448273006930500655B90;
			minimizedProjectReferenceProxies = 1;
			preferredProjectObjectVersion = 77;
			productRefGroup = F54448313006930500655B90 /* Products */;
			projectDirPath = "";
			projectRoot = "";
			targets = (
				F544482F3006930500655B90 /* Airpods Movie Spatializer */,
				F544483D3006930700655B90 /* Airpods Movie SpatializerTests */,
				F54448473006930700655B90 /* Airpods Movie SpatializerUITests */,
			);
		};
/* End PBXProject section */

/* Begin PBXResourcesBuildPhase section */
		F544482E3006930500655B90 /* Resources */ = {
			isa = PBXResourcesBuildPhase;
			buildActionMask = 2147483647;
			files = (
			);
			runOnlyForDeploymentPostprocessing = 0;
		};
		F544483C3006930700655B90 /* Resources */ = {
			isa = PBXResourcesBuildPhase;
			buildActionMask = 2147483647;
			files = (
			);
			runOnlyForDeploymentPostprocessing = 0;
		};
		F54448463006930700655B90 /* Resources */ = {
			isa = PBXResourcesBuildPhase;
			buildActionMask = 2147483647;
			files = (
			);
			runOnlyForDeploymentPostprocessing = 0;
		};
/* End PBXResourcesBuildPhase section */

/* Begin PBXSourcesBuildPhase section */
		F544482C3006930500655B90 /* Sources */ = {
			isa = PBXSourcesBuildPhase;
			buildActionMask = 2147483647;
			files = (
			);
			runOnlyForDeploymentPostprocessing = 0;
		};
		F544483A3006930700655B90 /* Sources */ = {
			isa = PBXSourcesBuildPhase;
			buildActionMask = 2147483647;
			files = (
			);
			runOnlyForDeploymentPostprocessing = 0;
		};
		F54448443006930700655B90 /* Sources */ = {
			isa = PBXSourcesBuildPhase;
			buildActionMask = 2147483647;
			files = (
			);
			runOnlyForDeploymentPostprocessing = 0;
		};
/* End PBXSourcesBuildPhase section */

/* Begin PBXTargetDependency section */
		F54448403006930700655B90 /* PBXTargetDependency */ = {
			isa = PBXTargetDependency;
			target = F544482F3006930500655B90 /* Airpods Movie Spatializer */;
			targetProxy = F544483F3006930700655B90 /* PBXContainerItemProxy */;
		};
		F544484A3006930700655B90 /* PBXTargetDependency */ = {
			isa = PBXTargetDependency;
			target = F544482F3006930500655B90 /* Airpods Movie Spatializer */;
			targetProxy = F54448493006930700655B90 /* PBXContainerItemProxy */;
		};
/* End PBXTargetDependency section */

/* Begin XCBuildConfiguration section */
		F54448503006930700655B90 /* Debug */ = {
			isa = XCBuildConfiguration;
			buildSettings = {
				ALWAYS_SEARCH_USER_PATHS = NO;
				ASSETCATALOG_COMPILER_GENERATE_SWIFT_ASSET_SYMBOL_EXTENSIONS = YES;
				CLANG_ANALYZER_NONNULL = YES;
				CLANG_ANALYZER_NUMBER_OBJECT_CONVERSION = YES_AGGRESSIVE;
				CLANG_CXX_LANGUAGE_STANDARD = "gnu++20";
				CLANG_ENABLE_MODULES = YES;
				CLANG_ENABLE_OBJC_ARC = YES;
				CLANG_ENABLE_OBJC_WEAK = YES;
				CLANG_WARN_BLOCK_CAPTURE_AUTORELEASING = YES;
				CLANG_WARN_BOOL_CONVERSION = YES;
				CLANG_WARN_COMMA = YES;
				CLANG_WARN_CONSTANT_CONVERSION = YES;
				CLANG_WARN_DEPRECATED_OBJC_IMPLEMENTATIONS = YES;
				CLANG_WARN_DIRECT_OBJC_ISA_USAGE = YES_ERROR;
				CLANG_WARN_DOCUMENTATION_COMMENTS = YES;
				CLANG_WARN_EMPTY_BODY = YES;
				CLANG_WARN_ENUM_CONVERSION = YES;
				CLANG_WARN_INFINITE_RECURSION = YES;
				CLANG_WARN_INT_CONVERSION = YES;
				CLANG_WARN_NON_LITERAL_NULL_CONVERSION = YES;
				CLANG_WARN_OBJC_IMPLICIT_RETAIN_SELF = YES;
				CLANG_WARN_OBJC_LITERAL_CONVERSION = YES;
				CLANG_WARN_OBJC_ROOT_CLASS = YES_ERROR;
				CLANG_WARN_QUOTED_INCLUDE_IN_FRAMEWORK_HEADER = YES;
				CLANG_WARN_RANGE_LOOP_ANALYSIS = YES;
				CLANG_WARN_STRICT_PROTOTYPES = YES;
				CLANG_WARN_SUSPICIOUS_MOVE = YES;
				CLANG_WARN_UNGUARDED_AVAILABILITY = YES_AGGRESSIVE;
				CLANG_WARN_UNREACHABLE_CODE = YES;
				CLANG_WARN__DUPLICATE_METHOD_MATCH = YES;
				COPY_PHASE_STRIP = NO;
				DEBUG_INFORMATION_FORMAT = dwarf;
				ENABLE_STRICT_OBJC_MSGSEND = YES;
				ENABLE_TESTABILITY = YES;
				ENABLE_USER_SCRIPT_SANDBOXING = YES;
				GCC_C_LANGUAGE_STANDARD = gnu17;
				GCC_DYNAMIC_NO_PIC = NO;
				GCC_NO_COMMON_BLOCKS = YES;
				GCC_OPTIMIZATION_LEVEL = 0;
				GCC_PREPROCESSOR_DEFINITIONS = (
					"DEBUG=1",
					"$(inherited)",
				);
				GCC_WARN_64_TO_32_BIT_CONVERSION = YES;
				GCC_WARN_ABOUT_RETURN_TYPE = YES_ERROR;
				GCC_WARN_UNDECLARED_SELECTOR = YES;
				GCC_WARN_UNINITIALIZED_AUTOS = YES_AGGRESSIVE;
				GCC_WARN_UNUSED_FUNCTION = YES;
				GCC_WARN_UNUSED_VARIABLE = YES;
				LOCALIZATION_PREFERS_STRING_CATALOGS = YES;
				MACOSX_DEPLOYMENT_TARGET = 15.3;
				MTL_ENABLE_DEBUG_INFO = INCLUDE_SOURCE;
				MTL_FAST_MATH = YES;
				ONLY_ACTIVE_ARCH = YES;
				SDKROOT = macosx;
				SWIFT_ACTIVE_COMPILATION_CONDITIONS = "DEBUG $(inherited)";
				SWIFT_OPTIMIZATION_LEVEL = "-Onone";
			};
			name = Debug;
		};
		F54448513006930700655B90 /* Release */ = {
			isa = XCBuildConfiguration;
			buildSettings = {
				ALWAYS_SEARCH_USER_PATHS = NO;
				ASSETCATALOG_COMPILER_GENERATE_SWIFT_ASSET_SYMBOL_EXTENSIONS = YES;
				CLANG_ANALYZER_NONNULL = YES;
				CLANG_ANALYZER_NUMBER_OBJECT_CONVERSION = YES_AGGRESSIVE;
				CLANG_CXX_LANGUAGE_STANDARD = "gnu++20";
				CLANG_ENABLE_MODULES = YES;
				CLANG_ENABLE_OBJC_ARC = YES;
				CLANG_ENABLE_OBJC_WEAK = YES;
				CLANG_WARN_BLOCK_CAPTURE_AUTORELEASING = YES;
				CLANG_WARN_BOOL_CONVERSION = YES;
				CLANG_WARN_COMMA = YES;
				CLANG_WARN_CONSTANT_CONVERSION = YES;
				CLANG_WARN_DEPRECATED_OBJC_IMPLEMENTATIONS = YES;
				CLANG_WARN_DIRECT_OBJC_ISA_USAGE = YES_ERROR;
				CLANG_WARN_DOCUMENTATION_COMMENTS = YES;
				CLANG_WARN_EMPTY_BODY = YES;
				CLANG_WARN_ENUM_CONVERSION = YES;
				CLANG_WARN_INFINITE_RECURSION = YES;
				CLANG_WARN_INT_CONVERSION = YES;
				CLANG_WARN_NON_LITERAL_NULL_CONVERSION = YES;
				CLANG_WARN_OBJC_IMPLICIT_RETAIN_SELF = YES;
				CLANG_WARN_OBJC_LITERAL_CONVERSION = YES;
				CLANG_WARN_OBJC_ROOT_CLASS = YES_ERROR;
				CLANG_WARN_QUOTED_INCLUDE_IN_FRAMEWORK_HEADER = YES;
				CLANG_WARN_RANGE_LOOP_ANALYSIS = YES;
				CLANG_WARN_STRICT_PROTOTYPES = YES;
				CLANG_WARN_SUSPICIOUS_MOVE = YES;
				CLANG_WARN_UNGUARDED_AVAILABILITY = YES_AGGRESSIVE;
				CLANG_WARN_UNREACHABLE_CODE = YES;
				CLANG_WARN__DUPLICATE_METHOD_MATCH = YES;
				COPY_PHASE_STRIP = NO;
				DEBUG_INFORMATION_FORMAT = "dwarf-with-dsym";
				ENABLE_NS_ASSERTIONS = NO;
				ENABLE_STRICT_OBJC_MSGSEND = YES;
				ENABLE_USER_SCRIPT_SANDBOXING = YES;
				GCC_C_LANGUAGE_STANDARD = gnu17;
				GCC_NO_COMMON_BLOCKS = YES;
				GCC_WARN_64_TO_32_BIT_CONVERSION = YES;
				GCC_WARN_ABOUT_RETURN_TYPE = YES_ERROR;
				GCC_WARN_UNDECLARED_SELECTOR = YES;
				GCC_WARN_UNINITIALIZED_AUTOS = YES_AGGRESSIVE;
				GCC_WARN_UNUSED_FUNCTION = YES;
				GCC_WARN_UNUSED_VARIABLE = YES;
				LOCALIZATION_PREFERS_STRING_CATALOGS = YES;
				MACOSX_DEPLOYMENT_TARGET = 15.3;
				MTL_ENABLE_DEBUG_INFO = NO;
				MTL_FAST_MATH = YES;
				SDKROOT = macosx;
				SWIFT_COMPILATION_MODE = wholemodule;
			};
			name = Release;
		};
		F54448533006930700655B90 /* Debug */ = {
			isa = XCBuildConfiguration;
			buildSettings = {
				ASSETCATALOG_COMPILER_APPICON_NAME = AppIcon;
				ASSETCATALOG_COMPILER_GLOBAL_ACCENT_COLOR_NAME = AccentColor;
				CODE_SIGN_ENTITLEMENTS = "Airpods Movie Spatializer/Airpods_Movie_Spatializer.entitlements";
				CODE_SIGN_STYLE = Automatic;
				COMBINE_HIDPI_IMAGES = YES;
				CURRENT_PROJECT_VERSION = 1;
				ENABLE_PREVIEWS = YES;
				GENERATE_INFOPLIST_FILE = YES;
				INFOPLIST_KEY_NSHumanReadableCopyright = "";
				LD_RUNPATH_SEARCH_PATHS = (
					"$(inherited)",
					"@executable_path/../Frameworks",
				);
				MACOSX_DEPLOYMENT_TARGET = 12.4;
				MARKETING_VERSION = 1.0;
				PRODUCT_BUNDLE_IDENTIFIER = "KoKa241.Airpods-Movie-Spatializer";
				PRODUCT_NAME = "$(TARGET_NAME)";
				REGISTER_APP_GROUPS = YES;
				SWIFT_EMIT_LOC_STRINGS = YES;
				SWIFT_VERSION = 5.0;
			};
			name = Debug;
		};
		F54448543006930700655B90 /* Release */ = {
			isa = XCBuildConfiguration;
			buildSettings = {
				ASSETCATALOG_COMPILER_APPICON_NAME = AppIcon;
				ASSETCATALOG_COMPILER_GLOBAL_ACCENT_COLOR_NAME = AccentColor;
				CODE_SIGN_ENTITLEMENTS = "Airpods Movie Spatializer/Airpods_Movie_Spatializer.entitlements";
				CODE_SIGN_STYLE = Automatic;
				COMBINE_HIDPI_IMAGES = YES;
				CURRENT_PROJECT_VERSION = 1;
				ENABLE_PREVIEWS = YES;
				GENERATE_INFOPLIST_FILE = YES;
				INFOPLIST_KEY_NSHumanReadableCopyright = "";
				LD_RUNPATH_SEARCH_PATHS = (
					"$(inherited)",
					"@executable_path/../Frameworks",
				);
				MACOSX_DEPLOYMENT_TARGET = 12.4;
				MARKETING_VERSION = 1.0;
				PRODUCT_BUNDLE_IDENTIFIER = "KoKa241.Airpods-Movie-Spatializer";
				PRODUCT_NAME = "$(TARGET_NAME)";
				REGISTER_APP_GROUPS = YES;
				SWIFT_EMIT_LOC_STRINGS = YES;
				SWIFT_VERSION = 5.0;
			};
			name = Release;
		};
		F54448563006930700655B90 /* Debug */ = {
			isa = XCBuildConfiguration;
			buildSettings = {
				BUNDLE_LOADER = "$(TEST_HOST)";
				CODE_SIGN_STYLE = Automatic;
				CURRENT_PROJECT_VERSION = 1;
				GENERATE_INFOPLIST_FILE = YES;
				MACOSX_DEPLOYMENT_TARGET = 15.3;
				MARKETING_VERSION = 1.0;
				PRODUCT_BUNDLE_IDENTIFIER = "KoKa241.Airpods-Movie-SpatializerTests";
				PRODUCT_NAME = "$(TARGET_NAME)";
				SWIFT_EMIT_LOC_STRINGS = NO;
				SWIFT_VERSION = 5.0;
				TEST_HOST = "$(BUILT_PRODUCTS_DIR)/Airpods Movie Spatializer.app/$(BUNDLE_EXECUTABLE_FOLDER_PATH)/Airpods Movie Spatializer";
			};
			name = Debug;
		};
		F54448573006930700655B90 /* Release */ = {
			isa = XCBuildConfiguration;
			buildSettings = {
				BUNDLE_LOADER = "$(TEST_HOST)";
				CODE_SIGN_STYLE = Automatic;
				CURRENT_PROJECT_VERSION = 1;
				GENERATE_INFOPLIST_FILE = YES;
				MACOSX_DEPLOYMENT_TARGET = 15.3;
				MARKETING_VERSION = 1.0;
				PRODUCT_BUNDLE_IDENTIFIER = "KoKa241.Airpods-Movie-SpatializerTests";
				PRODUCT_NAME = "$(TARGET_NAME)";
				SWIFT_EMIT_LOC_STRINGS = NO;
				SWIFT_VERSION = 5.0;
				TEST_HOST = "$(BUILT_PRODUCTS_DIR)/Airpods Movie Spatializer.app/$(BUNDLE_EXECUTABLE_FOLDER_PATH)/Airpods Movie Spatializer";
			};
			name = Release;
		};
		F54448593006930700655B90 /* Debug */ = {
			isa = XCBuildConfiguration;
			buildSettings = {
				CODE_SIGN_STYLE = Automatic;
				CURRENT_PROJECT_VERSION = 1;
				GENERATE_INFOPLIST_FILE = YES;
				MARKETING_VERSION = 1.0;
				PRODUCT_BUNDLE_IDENTIFIER = "KoKa241.Airpods-Movie-SpatializerUITests";
				PRODUCT_NAME = "$(TARGET_NAME)";
				SWIFT_EMIT_LOC_STRINGS = NO;
				SWIFT_VERSION = 5.0;
				TEST_TARGET_NAME = "Airpods Movie Spatializer";
			};
			name = Debug;
		};
		F544485A3006930700655B90 /* Release */ = {
			isa = XCBuildConfiguration;
			buildSettings = {
				CODE_SIGN_STYLE = Automatic;
				CURRENT_PROJECT_VERSION = 1;
				GENERATE_INFOPLIST_FILE = YES;
				MARKETING_VERSION = 1.0;
				PRODUCT_BUNDLE_IDENTIFIER = "KoKa241.Airpods-Movie-SpatializerUITests";
				PRODUCT_NAME = "$(TARGET_NAME)";
				SWIFT_EMIT_LOC_STRINGS = NO;
				SWIFT_VERSION = 5.0;
				TEST_TARGET_NAME = "Airpods Movie Spatializer";
			};
			name = Release;
		};
/* End XCBuildConfiguration section */

/* Begin XCConfigurationList section */
		F544482B3006930500655B90 /* Build configuration list for PBXProject "Airpods Movie Spatializer" */ = {
			isa = XCConfigurationList;
			buildConfigurations = (
				F54448503006930700655B90 /* Debug */,
				F54448513006930700655B90 /* Release */,
			);
			defaultConfigurationIsVisible = 0;
			defaultConfigurationName = Release;
		};
		F54448523006930700655B90 /* Build configuration list for PBXNativeTarget "Airpods Movie Spatializer" */ = {
			isa = XCConfigurationList;
			buildConfigurations = (
				F54448533006930700655B90 /* Debug */,
				F54448543006930700655B90 /* Release */,
			);
			defaultConfigurationIsVisible = 0;
			defaultConfigurationName = Release;
		};
		F54448553006930700655B90 /* Build configuration list for PBXNativeTarget "Airpods Movie SpatializerTests" */ = {
			isa = XCConfigurationList;
			buildConfigurations = (
				F54448563006930700655B90 /* Debug */,
				F54448573006930700655B90 /* Release */,
			);
			defaultConfigurationIsVisible = 0;
			defaultConfigurationName = Release;
		};
		F54448583006930700655B90 /* Build configuration list for PBXNativeTarget "Airpods Movie SpatializerUITests" */ = {
			isa = XCConfigurationList;
			buildConfigurations = (
				F54448593006930700655B90 /* Debug */,
				F544485A3006930700655B90 /* Release */,
			);
			defaultConfigurationIsVisible = 0;
			defaultConfigurationName = Release;
		};
/* End XCConfigurationList section */
	};
	rootObject = F54448283006930500655B90 /* Project object */;
}
